
Microsoft Visual Studio Solution File, Format Version 12.00
# Visual Studio Version 17
VisualStudioVersion = 17.14.36202.13 d17.14
MinimumVisualStudioVersion = 10.0.40219.1
Project("{FAE04EC0-301F-11D3-BF4B-00C04F79EFBC}") = "Book Store Inventory Search", "Book Store Inventory Search.csproj", "{FA40B604-04CD-4A4A-AFF5-D1C4F7CFDFA1}"
EndProject
Global
	GlobalSection(SolutionConfigurationPlatforms) = preSolution
		Debug|Any CPU = Debug|Any CPU
		Release|Any CPU = Release|Any CPU
	EndGlobalSection
	GlobalSection(ProjectConfigurationPlatforms) = postSolution
		{FA40B604-04CD-4A4A-AFF5-D1C4F7CFDFA1}.Debug|Any CPU.ActiveCfg = Debug|Any CPU
		{FA40B604-04CD-4A4A-AFF5-D1C4F7CFDFA1}.Debug|Any CPU.Build.0 = Debug|Any CPU
		{FA40B604-04CD-4A4A-AFF5-D1C4F7CFDFA1}.Release|Any CPU.ActiveCfg = Release|Any CPU
		{FA40B604-04CD-4A4A-AFF5-D1C4F7CFDFA1}.Release|Any CPU.Build.0 = Release|Any CPU
	EndGlobalSection
	GlobalSection(SolutionProperties) = preSolution
		HideSolutionNode = FALSE
	EndGlobalSection
	GlobalSection(ExtensibilityGlobals) = postSolution
		SolutionGuid = {7BA0767F-6196-46AE-BE36-AC9DE4B6DA16}
	EndGlobalSection
EndGlobal
