
Microsoft Visual Studio Solution File, Format Version 12.00
# Visual Studio Version 17
VisualStudioVersion = 17.14.36202.13 d17.14
MinimumVisualStudioVersion = 10.0.40219.1
Project("{FAE04EC0-301F-11D3-BF4B-00C04F79EFBC}") = "Ex1", "Ex1\Ex1.csproj", "{BCD50A99-C98A-4CFA-8282-05190926ED07}"
EndProject
Global
	GlobalSection(SolutionConfigurationPlatforms) = preSolution
		Debug|Any CPU = Debug|Any CPU
		Release|Any CPU = Release|Any CPU
	EndGlobalSection
	GlobalSection(ProjectConfigurationPlatforms) = postSolution
		{BCD50A99-C98A-4CFA-8282-05190926ED07}.Debug|Any CPU.ActiveCfg = Debug|Any CPU
		{BCD50A99-C98A-4CFA-8282-05190926ED07}.Debug|Any CPU.Build.0 = Debug|Any CPU
		{BCD50A99-C98A-4CFA-8282-05190926ED07}.Release|Any CPU.ActiveCfg = Release|Any CPU
		{BCD50A99-C98A-4CFA-8282-05190926ED07}.Release|Any CPU.Build.0 = Release|Any CPU
	EndGlobalSection
	GlobalSection(SolutionProperties) = preSolution
		HideSolutionNode = FALSE
	EndGlobalSection
	GlobalSection(ExtensibilityGlobals) = postSolution
		SolutionGuid = {6B293562-4FE8-4212-A29B-E8FF689E9F32}
	EndGlobalSection
EndGlobal
