
Microsoft Visual Studio Solution File, Format Version 12.00
# Visual Studio Version 17
VisualStudioVersion = 17.14.36202.13 d17.14
MinimumVisualStudioVersion = 10.0.40219.1
Project("{FAE04EC0-301F-11D3-BF4B-00C04F79EFBC}") = "Factorial&income", "Factorial&income\Factorial&income.csproj", "{135312F3-E0A7-4089-A304-E572CB671871}"
EndProject
Global
	GlobalSection(SolutionConfigurationPlatforms) = preSolution
		Debug|Any CPU = Debug|Any CPU
		Release|Any CPU = Release|Any CPU
	EndGlobalSection
	GlobalSection(ProjectConfigurationPlatforms) = postSolution
		{135312F3-E0A7-4089-A304-E572CB671871}.Debug|Any CPU.ActiveCfg = Debug|Any CPU
		{135312F3-E0A7-4089-A304-E572CB671871}.Debug|Any CPU.Build.0 = Debug|Any CPU
		{135312F3-E0A7-4089-A304-E572CB671871}.Release|Any CPU.ActiveCfg = Release|Any CPU
		{135312F3-E0A7-4089-A304-E572CB671871}.Release|Any CPU.Build.0 = Release|Any CPU
	EndGlobalSection
	GlobalSection(SolutionProperties) = preSolution
		HideSolutionNode = FALSE
	EndGlobalSection
	GlobalSection(ExtensibilityGlobals) = postSolution
		SolutionGuid = {207D5B7A-0BD8-4682-8F4C-2ECFB223F2C4}
	EndGlobalSection
EndGlobal
