
Microsoft Visual Studio Solution File, Format Version 12.00
# Visual Studio Version 17
VisualStudioVersion = 17.14.36109.1 d17.14
MinimumVisualStudioVersion = 10.0.40219.1
Project("{FAE04EC0-301F-11D3-BF4B-00C04F79EFBC}") = "lab1", "lab1\lab1.csproj", "{61657CB0-657C-46F7-91D1-77AC687558A3}"
EndProject
Project("{FAE04EC0-301F-11D3-BF4B-00C04F79EFBC}") = "lab2", "lab2\lab2.csproj", "{B7E5EE85-3FDD-4E9F-8DA2-0C4842E4874B}"
EndProject
Global
	GlobalSection(SolutionConfigurationPlatforms) = preSolution
		Debug|Any CPU = Debug|Any CPU
		Release|Any CPU = Release|Any CPU
	EndGlobalSection
	GlobalSection(ProjectConfigurationPlatforms) = postSolution
		{61657CB0-657C-46F7-91D1-77AC687558A3}.Debug|Any CPU.ActiveCfg = Debug|Any CPU
		{61657CB0-657C-46F7-91D1-77AC687558A3}.Debug|Any CPU.Build.0 = Debug|Any CPU
		{61657CB0-657C-46F7-91D1-77AC687558A3}.Release|Any CPU.ActiveCfg = Release|Any CPU
		{61657CB0-657C-46F7-91D1-77AC687558A3}.Release|Any CPU.Build.0 = Release|Any CPU
		{B7E5EE85-3FDD-4E9F-8DA2-0C4842E4874B}.Debug|Any CPU.ActiveCfg = Debug|Any CPU
		{B7E5EE85-3FDD-4E9F-8DA2-0C4842E4874B}.Debug|Any CPU.Build.0 = Debug|Any CPU
		{B7E5EE85-3FDD-4E9F-8DA2-0C4842E4874B}.Release|Any CPU.ActiveCfg = Release|Any CPU
		{B7E5EE85-3FDD-4E9F-8DA2-0C4842E4874B}.Release|Any CPU.Build.0 = Release|Any CPU
	EndGlobalSection
	GlobalSection(SolutionProperties) = preSolution
		HideSolutionNode = FALSE
	EndGlobalSection
	GlobalSection(ExtensibilityGlobals) = postSolution
		SolutionGuid = {3882EDBE-CE5C-423E-93D3-27109BAD2EE4}
	EndGlobalSection
EndGlobal
