
Microsoft Visual Studio Solution File, Format Version 12.00
# Visual Studio Version 17
VisualStudioVersion = 17.14.36202.13
MinimumVisualStudioVersion = 10.0.40219.1
Project("{FAE04EC0-301F-11D3-BF4B-00C04F79EFBC}") = "EX1", "EX1\EX1.csproj", "{F659133D-52CE-44DE-877C-75C80C59BAF9}"
EndProject
Project("{FAE04EC0-301F-11D3-BF4B-00C04F79EFBC}") = "EX2", "EX2\EX2.csproj", "{0AC0B448-00DA-4AC8-A676-1FBE8994BB87}"
EndProject
Global
	GlobalSection(SolutionConfigurationPlatforms) = preSolution
		Debug|Any CPU = Debug|Any CPU
		Release|Any CPU = Release|Any CPU
	EndGlobalSection
	GlobalSection(ProjectConfigurationPlatforms) = postSolution
		{F659133D-52CE-44DE-877C-75C80C59BAF9}.Debug|Any CPU.ActiveCfg = Debug|Any CPU
		{F659133D-52CE-44DE-877C-75C80C59BAF9}.Debug|Any CPU.Build.0 = Debug|Any CPU
		{F659133D-52CE-44DE-877C-75C80C59BAF9}.Release|Any CPU.ActiveCfg = Release|Any CPU
		{F659133D-52CE-44DE-877C-75C80C59BAF9}.Release|Any CPU.Build.0 = Release|Any CPU
		{0AC0B448-00DA-4AC8-A676-1FBE8994BB87}.Debug|Any CPU.ActiveCfg = Debug|Any CPU
		{0AC0B448-00DA-4AC8-A676-1FBE8994BB87}.Debug|Any CPU.Build.0 = Debug|Any CPU
		{0AC0B448-00DA-4AC8-A676-1FBE8994BB87}.Release|Any CPU.ActiveCfg = Release|Any CPU
		{0AC0B448-00DA-4AC8-A676-1FBE8994BB87}.Release|Any CPU.Build.0 = Release|Any CPU
	EndGlobalSection
	GlobalSection(SolutionProperties) = preSolution
		HideSolutionNode = FALSE
	EndGlobalSection
	GlobalSection(ExtensibilityGlobals) = postSolution
		SolutionGuid = {55AF0D1F-8311-4799-B1BB-56C47F7897B6}
	EndGlobalSection
EndGlobal
