
Microsoft Visual Studio Solution File, Format Version 12.00
# Visual Studio Version 17
VisualStudioVersion = 17.14.36202.13 d17.14
MinimumVisualStudioVersion = 10.0.40219.1
Project("{FAE04EC0-301F-11D3-BF4B-00C04F79EFBC}") = "FactorialCalc&TaxIncome", "FactorialCalc&TaxIncome.csproj", "{D2444033-A3A2-460C-AD33-4A32816F871E}"
EndProject
Global
	GlobalSection(SolutionConfigurationPlatforms) = preSolution
		Debug|Any CPU = Debug|Any CPU
		Release|Any CPU = Release|Any CPU
	EndGlobalSection
	GlobalSection(ProjectConfigurationPlatforms) = postSolution
		{D2444033-A3A2-460C-AD33-4A32816F871E}.Debug|Any CPU.ActiveCfg = Debug|Any CPU
		{D2444033-A3A2-460C-AD33-4A32816F871E}.Debug|Any CPU.Build.0 = Debug|Any CPU
		{D2444033-A3A2-460C-AD33-4A32816F871E}.Release|Any CPU.ActiveCfg = Release|Any CPU
		{D2444033-A3A2-460C-AD33-4A32816F871E}.Release|Any CPU.Build.0 = Release|Any CPU
	EndGlobalSection
	GlobalSection(SolutionProperties) = preSolution
		HideSolutionNode = FALSE
	EndGlobalSection
	GlobalSection(ExtensibilityGlobals) = postSolution
		SolutionGuid = {42CCA220-C204-4816-B534-B231F1E8926A}
	EndGlobalSection
EndGlobal
